<?xml version="1.0" encoding="utf-8"?>
<Project ToolsVersion="4.0" xmlns="http://schemas.microsoft.com/developer/msbuild/2003">
  <ItemGroup>
    <Filter Include="Include">
      <UniqueIdentifier>{34ed941b-9f45-4ad9-8100-ee74cf95fc60}</UniqueIdentifier>
    </Filter>
    <Filter Include="Source">
      <UniqueIdentifier>{226f2213-b845-4566-aaa5-3c9cd463ef73}</UniqueIdentifier>
    </Filter>
  </ItemGroup>
  <ItemGroup>
    <ClInclude Include="Include\des.h">
      <Filter>Include</Filter>
    </ClInclude>
    <ClInclude Include="Include\FastLock.h">
      <Filter>Include</Filter>
    </ClInclude>
    <ClInclude Include="Include\FastUtil.h">
      <Filter>Include</Filter>
    </ClInclude>
    <ClInclude Include="Include\Singleton.h">
      <Filter>Include</Filter>
    </ClInclude>
  </ItemGroup>
  <ItemGroup>
    <ClCompile Include="Source\des.cpp">
      <Filter>Source</Filter>
    </ClCompile>
    <ClCompile Include="Source\FastUtil.cpp">
      <Filter>Source</Filter>
    </ClCompile>
  </ItemGroup>
</Project>